Microsoft Visual Studio Solution File, Format Version 12.00
# Visual Studio Version 17
VisualStudioVersion = 17.5.2.0
MinimumVisualStudioVersion = 10.0.40219.1
Project("{FAE04EC0-301F-11D3-BF4B-00C04F79EFBC}") = "pkhex-json", "pkhex-json.csproj", "{B946E75E-917E-4FFC-86A2-DE952B2E3D07}"
EndProject
Global
	GlobalSection(SolutionConfigurationPlatforms) = preSolution
		Debug|Any CPU = Debug|Any CPU
		Release|Any CPU = Release|Any CPU
	EndGlobalSection
	GlobalSection(ProjectConfigurationPlatforms) = postSolution
		{B946E75E-917E-4FFC-86A2-DE952B2E3D07}.Debug|Any CPU.ActiveCfg = Debug|Any CPU
		{B946E75E-917E-4FFC-86A2-DE952B2E3D07}.Debug|Any CPU.Build.0 = Debug|Any CPU
		{B946E75E-917E-4FFC-86A2-DE952B2E3D07}.Release|Any CPU.ActiveCfg = Release|Any CPU
		{B946E75E-917E-4FFC-86A2-DE952B2E3D07}.Release|Any CPU.Build.0 = Release|Any CPU
	EndGlobalSection
	GlobalSection(SolutionProperties) = preSolution
		HideSolutionNode = FALSE
	EndGlobalSection
	GlobalSection(ExtensibilityGlobals) = postSolution
		SolutionGuid = {22C02221-44AA-4F07-BBDC-EEF2DD5FE12D}
	EndGlobalSection
EndGlobal
